
Microsoft Visual Studio Solution File, Format Version 12.00
# Visual Studio Version 16
VisualStudioVersion = 16.0.809.2
MinimumVisualStudioVersion = 10.0.40219.1
Project("{FAE04EC0-301F-11D3-BF4B-00C04F79EFBC}") = "Example", "Example\Example.csproj", "{C93DA0E3-4BD8-4357-9C58-F2B7A2E1C816}"
EndProject
Global
	GlobalSection(SolutionConfigurationPlatforms) = preSolution
		Debug|Any CPU = Debug|Any CPU
		Release|Any CPU = Release|Any CPU
	EndGlobalSection
	GlobalSection(ProjectConfigurationPlatforms) = postSolution
		{C93DA0E3-4BD8-4357-9C58-F2B7A2E1C816}.Debug|Any CPU.ActiveCfg = Debug|Any CPU
		{C93DA0E3-4BD8-4357-9C58-F2B7A2E1C816}.Debug|Any CPU.Build.0 = Debug|Any CPU
		{C93DA0E3-4BD8-4357-9C58-F2B7A2E1C816}.Release|Any CPU.ActiveCfg = Release|Any CPU
		{C93DA0E3-4BD8-4357-9C58-F2B7A2E1C816}.Release|Any CPU.Build.0 = Release|Any CPU
	EndGlobalSection
	GlobalSection(SolutionProperties) = preSolution
		HideSolutionNode = FALSE
	EndGlobalSection
	GlobalSection(ExtensibilityGlobals) = postSolution
		SolutionGuid = {120618DE-44B6-4C6E-BC39-F49508EDABEC}
	EndGlobalSection
EndGlobal
